
Microsoft Visual Studio Solution File, Format Version 12.00
# Visual Studio Version 17
VisualStudioVersion = 17.5.33627.172
MinimumVisualStudioVersion = 10.0.40219.1
Project("{FAE04EC0-301F-11D3-BF4B-00C04F79EFBC}") = "Obligatorisk_opgave_1_2__Jacob_Kristensen", "Obligatorisk_opgave_1_2__Jacob_Kristensen\Obligatorisk_opgave_1_2__Jacob_Kristensen.csproj", "{FF65CA24-36F5-418B-AA00-346BD7EA16F8}"
EndProject
Project("{FAE04EC0-301F-11D3-BF4B-00C04F79EFBC}") = "Obligatorisk_opgave_1_2__Jacob_KristensenTests", "Obligatorisk_opgave_1_2__Jacob_KristensenTests\Obligatorisk_opgave_1_2__Jacob_KristensenTests.csproj", "{D487EAD7-9D10-447E-9B00-6ABB5A3CF31C}"
EndProject
Global
	GlobalSection(SolutionConfigurationPlatforms) = preSolution
		Debug|Any CPU = Debug|Any CPU
		Release|Any CPU = Release|Any CPU
	EndGlobalSection
	GlobalSection(ProjectConfigurationPlatforms) = postSolution
		{FF65CA24-36F5-418B-AA00-346BD7EA16F8}.Debug|Any CPU.ActiveCfg = Debug|Any CPU
		{FF65CA24-36F5-418B-AA00-346BD7EA16F8}.Debug|Any CPU.Build.0 = Debug|Any CPU
		{FF65CA24-36F5-418B-AA00-346BD7EA16F8}.Release|Any CPU.ActiveCfg = Release|Any CPU
		{FF65CA24-36F5-418B-AA00-346BD7EA16F8}.Release|Any CPU.Build.0 = Release|Any CPU
		{D487EAD7-9D10-447E-9B00-6ABB5A3CF31C}.Debug|Any CPU.ActiveCfg = Debug|Any CPU
		{D487EAD7-9D10-447E-9B00-6ABB5A3CF31C}.Debug|Any CPU.Build.0 = Debug|Any CPU
		{D487EAD7-9D10-447E-9B00-6ABB5A3CF31C}.Release|Any CPU.ActiveCfg = Release|Any CPU
		{D487EAD7-9D10-447E-9B00-6ABB5A3CF31C}.Release|Any CPU.Build.0 = Release|Any CPU
	EndGlobalSection
	GlobalSection(SolutionProperties) = preSolution
		HideSolutionNode = FALSE
	EndGlobalSection
	GlobalSection(ExtensibilityGlobals) = postSolution
		SolutionGuid = {4DC24E04-2C48-4308-810F-817BB0B777E7}
	EndGlobalSection
EndGlobal
